
Microsoft Visual Studio Solution File, Format Version 12.00
# Visual Studio Version 17
VisualStudioVersion = 17.14.37012.4 d17.14
MinimumVisualStudioVersion = 10.0.40219.1
Project("{FAE04EC0-301F-11D3-BF4B-00C04F79EFBC}") = "WordCards", "WordCards.csproj", "{CE5C8D29-791D-4B99-BBB3-F425C6F7AF39}"
EndProject
Global
	GlobalSection(SolutionConfigurationPlatforms) = preSolution
		Debug|Any CPU = Debug|Any CPU
		Release|Any CPU = Release|Any CPU
	EndGlobalSection
	GlobalSection(ProjectConfigurationPlatforms) = postSolution
		{CE5C8D29-791D-4B99-BBB3-F425C6F7AF39}.Debug|Any CPU.ActiveCfg = Debug|Any CPU
		{CE5C8D29-791D-4B99-BBB3-F425C6F7AF39}.Debug|Any CPU.Build.0 = Debug|Any CPU
		{CE5C8D29-791D-4B99-BBB3-F425C6F7AF39}.Release|Any CPU.ActiveCfg = Release|Any CPU
		{CE5C8D29-791D-4B99-BBB3-F425C6F7AF39}.Release|Any CPU.Build.0 = Release|Any CPU
	EndGlobalSection
	GlobalSection(SolutionProperties) = preSolution
		HideSolutionNode = FALSE
	EndGlobalSection
	GlobalSection(ExtensibilityGlobals) = postSolution
		SolutionGuid = {699C2899-1526-426C-BAD2-EB81E6C92BB0}
	EndGlobalSection
EndGlobal
